# Generated by fullsend lock — DO NOT EDIT
version: 1
generated_at: 2026-10-06T12:28:34.992308042Z
harnesses:
    rhai-test-plan:
        source: harness/rhai-test-plan.yaml
        sha256: 9bcd78589d2bdadbc03102b7d2c094bcb07599da88abb48e71c1b838db8d7781
        resolved_at: 2026-10-06T12:28:34.992306537Z
        dependencies:
            - field: policy
              url: https://raw.githubusercontent.com/fullsend-ai/agents/11dd3ad15ab5033fd04661d7faf6f7af45548d2f/policies/base.yaml
              sha256: 3ed634401d87a1327fffe5e266272d930321484ce8a91dfa5fe447d4f2e00470
              type: file
              fetched_at: 2026-10-06T12:28:34.298402518Z
            - field: openshell.profiles[1]
              url: https://raw.githubusercontent.com/fullsend-ai/agents/11dd3ad15ab5033fd04661d7faf6f7af45548d2f/profiles/fullsend-vertex-ai.yaml
              sha256: 71ea4699ec497d4b9592220adf7588019eb8445dbc77af8e0e6767e68dcb5585
              type: file
              fetched_at: 2026-10-06T12:28:34.64089222Z
            - field: providers[1]
              url: https://raw.githubusercontent.com/fullsend-ai/agents/11dd3ad15ab5033fd04661d7faf6f7af45548d2f/providers/vertex-ai.yaml
              sha256: ae5ebe527e5d7b0fa6994346fde3f6ba11b632a3ba78ece96591b5ed85083ec1
              type: file
              fetched_at: 2026-10-06T12:28:34.99183672Z
